
Microsoft Visual Studio Solution File, Format Version 12.00
# Visual Studio 14
VisualStudioVersion = 14.0.25420.1
MinimumVisualStudioVersion = 10.0.40219.1
Project("{FAE04EC0-301F-11D3-BF4B-00C04F79EFBC}") = "Famoser.KaeptnRage.Droid", "Famoser.KaeptnRage\Famoser.KaeptnRage.Droid\Famoser.KaeptnRage.Droid.csproj", "{11A74F31-7D06-4D84-AD3C-7305045D047C}"
EndProject
Project("{FAE04EC0-301F-11D3-BF4B-00C04F79EFBC}") = "Famoser.KaeptnRage.iOS", "Famoser.KaeptnRage\Famoser.KaeptnRage.iOS\Famoser.KaeptnRage.iOS.csproj", "{F08E86F2-14AD-4665-A722-49CC5D07DFBB}"
EndProject
Project("{FAE04EC0-301F-11D3-BF4B-00C04F79EFBC}") = "Famoser.KaeptnRage.WinPhone", "Famoser.KaeptnRage\Famoser.KaeptnRage.WinPhone\Famoser.KaeptnRage.WinPhone.csproj", "{41ADE966-FA5E-486D-86A3-56D4B0924E4F}"
EndProject
Project("{FAE04EC0-301F-11D3-BF4B-00C04F79EFBC}") = "Famoser.KaeptnRage.UWP", "Famoser.KaeptnRage\Famoser.KaeptnRage.UWP\Famoser.KaeptnRage.UWP.csproj", "{FC6006C3-F738-48A5-A152-362FEA3E571E}"
EndProject
Project("{FAE04EC0-301F-11D3-BF4B-00C04F79EFBC}") = "Famoser.KaeptnRage.Windows", "Famoser.KaeptnRage\Famoser.KaeptnRage.Windows\Famoser.KaeptnRage.Windows.csproj", "{203FB00C-4066-49A2-9F9A-7751C636CAB2}"
EndProject
Project("{FAE04EC0-301F-11D3-BF4B-00C04F79EFBC}") = "Famoser.KaeptnRage", "Famoser.KaeptnRage\Famoser.KaeptnRage\Famoser.KaeptnRage.csproj", "{4F95610B-8912-49C5-8FEA-B7EDA8BEF228}"
EndProject
Global
	GlobalSection(SolutionConfigurationPlatforms) = preSolution
		Ad-Hoc|Any CPU = Ad-Hoc|Any CPU
		Ad-Hoc|ARM = Ad-Hoc|ARM
		Ad-Hoc|iPhone = Ad-Hoc|iPhone
		Ad-Hoc|iPhoneSimulator = Ad-Hoc|iPhoneSimulator
		Ad-Hoc|x64 = Ad-Hoc|x64
		Ad-Hoc|x86 = Ad-Hoc|x86
		AppStore|Any CPU = AppStore|Any CPU
		AppStore|ARM = AppStore|ARM
		AppStore|iPhone = AppStore|iPhone
		AppStore|iPhoneSimulator = AppStore|iPhoneSimulator
		AppStore|x64 = AppStore|x64
		AppStore|x86 = AppStore|x86
		Debug|Any CPU = Debug|Any CPU
		Debug|ARM = Debug|ARM
		Debug|iPhone = Debug|iPhone
		Debug|iPhoneSimulator = Debug|iPhoneSimulator
		Debug|x64 = Debug|x64
		Debug|x86 = Debug|x86
		Release|Any CPU = Release|Any CPU
		Release|ARM = Release|ARM
		Release|iPhone = Release|iPhone
		Release|iPhoneSimulator = Release|iPhoneSimulator
		Release|x64 = Release|x64
		Release|x86 = Release|x86
	EndGlobalSection
	GlobalSection(ProjectConfigurationPlatforms) = postSolution
		{11A74F31-7D06-4D84-AD3C-7305045D047C}.Ad-Hoc|Any CPU.ActiveCfg = Release|Any CPU
		{11A74F31-7D06-4D84-AD3C-7305045D047C}.Ad-Hoc|Any CPU.Build.0 = Release|Any CPU
		{11A74F31-7D06-4D84-AD3C-7305045D047C}.Ad-Hoc|Any CPU.Deploy.0 = Release|Any CPU
		{11A74F31-7D06-4D84-AD3C-7305045D047C}.Ad-Hoc|ARM.ActiveCfg = Release|Any CPU
		{11A74F31-7D06-4D84-AD3C-7305045D047C}.Ad-Hoc|ARM.Build.0 = Release|Any CPU
		{11A74F31-7D06-4D84-AD3C-7305045D047C}.Ad-Hoc|ARM.Deploy.0 = Release|Any CPU
		{11A74F31-7D06-4D84-AD3C-7305045D047C}.Ad-Hoc|iPhone.ActiveCfg = Release|Any CPU
		{11A74F31-7D06-4D84-AD3C-7305045D047C}.Ad-Hoc|iPhone.Build.0 = Release|Any CPU
		{11A74F31-7D06-4D84-AD3C-7305045D047C}.Ad-Hoc|iPhone.Deploy.0 = Release|Any CPU
		{11A74F31-7D06-4D84-AD3C-7305045D047C}.Ad-Hoc|iPhoneSimulator.ActiveCfg = Release|Any CPU
		{11A74F31-7D06-4D84-AD3C-7305045D047C}.Ad-Hoc|iPhoneSimulator.Build.0 = Release|Any CPU
		{11A74F31-7D06-4D84-AD3C-7305045D047C}.Ad-Hoc|iPhoneSimulator.Deploy.0 = Release|Any CPU
		{11A74F31-7D06-4D84-AD3C-7305045D047C}.Ad-Hoc|x64.ActiveCfg = Release|Any CPU
		{11A74F31-7D06-4D84-AD3C-7305045D047C}.Ad-Hoc|x64.Build.0 = Release|Any CPU
		{11A74F31-7D06-4D84-AD3C-7305045D047C}.Ad-Hoc|x64.Deploy.0 = Release|Any CPU
		{11A74F31-7D06-4D84-AD3C-7305045D047C}.Ad-Hoc|x86.ActiveCfg = Release|Any CPU
		{11A74F31-7D06-4D84-AD3C-7305045D047C}.Ad-Hoc|x86.Build.0 = Release|Any CPU
		{11A74F31-7D06-4D84-AD3C-7305045D047C}.Ad-Hoc|x86.Deploy.0 = Release|Any CPU
		{11A74F31-7D06-4D84-AD3C-7305045D047C}.AppStore|Any CPU.ActiveCfg = Release|Any CPU
		{11A74F31-7D06-4D84-AD3C-7305045D047C}.AppStore|Any CPU.Build.0 = Release|Any CPU
		{11A74F31-7D06-4D84-AD3C-7305045D047C}.AppStore|Any CPU.Deploy.0 = Release|Any CPU
		{11A74F31-7D06-4D84-AD3C-7305045D047C}.AppStore|ARM.ActiveCfg = Release|Any CPU
		{11A74F31-7D06-4D84-AD3C-7305045D047C}.AppStore|ARM.Build.0 = Release|Any CPU
		{11A74F31-7D06-4D84-AD3C-7305045D047C}.AppStore|ARM.Deploy.0 = Release|Any CPU
		{11A74F31-7D06-4D84-AD3C-7305045D047C}.AppStore|iPhone.ActiveCfg = Release|Any CPU
		{11A74F31-7D06-4D84-AD3C-7305045D047C}.AppStore|iPhone.Build.0 = Release|Any CPU
		{11A74F31-7D06-4D84-AD3C-7305045D047C}.AppStore|iPhone.Deploy.0 = Release|Any CPU
		{11A74F31-7D06-4D84-AD3C-7305045D047C}.AppStore|iPhoneSimulator.ActiveCfg = Release|Any CPU
		{11A74F31-7D06-4D84-AD3C-7305045D047C}.AppStore|iPhoneSimulator.Build.0 = Release|Any CPU
		{11A74F31-7D06-4D84-AD3C-7305045D047C}.AppStore|iPhoneSimulator.Deploy.0 = Release|Any CPU
		{11A74F31-7D06-4D84-AD3C-7305045D047C}.AppStore|x64.ActiveCfg = Release|Any CPU
		{11A74F31-7D06-4D84-AD3C-7305045D047C}.AppStore|x64.Build.0 = Release|Any CPU
		{11A74F31-7D06-4D84-AD3C-7305045D047C}.AppStore|x64.Deploy.0 = Release|Any CPU
		{11A74F31-7D06-4D84-AD3C-7305045D047C}.AppStore|x86.ActiveCfg = Release|Any CPU
		{11A74F31-7D06-4D84-AD3C-7305045D047C}.AppStore|x86.Build.0 = Release|Any CPU
		{11A74F31-7D06-4D84-AD3C-7305045D047C}.AppStore|x86.Deploy.0 = Release|Any CPU
		{11A74F31-7D06-4D84-AD3C-7305045D047C}.Debug|Any CPU.ActiveCfg = Debug|Any CPU
		{11A74F31-7D06-4D84-AD3C-7305045D047C}.Debug|Any CPU.Build.0 = Debug|Any CPU
		{11A74F31-7D06-4D84-AD3C-7305045D047C}.Debug|Any CPU.Deploy.0 = Debug|Any CPU
		{11A74F31-7D06-4D84-AD3C-7305045D047C}.Debug|ARM.ActiveCfg = Debug|Any CPU
		{11A74F31-7D06-4D84-AD3C-7305045D047C}.Debug|ARM.Build.0 = Debug|Any CPU
		{11A74F31-7D06-4D84-AD3C-7305045D047C}.Debug|ARM.Deploy.0 = Debug|Any CPU
		{11A74F31-7D06-4D84-AD3C-7305045D047C}.Debug|iPhone.ActiveCfg = Debug|Any CPU
		{11A74F31-7D06-4D84-AD3C-7305045D047C}.Debug|iPhone.Build.0 = Debug|Any CPU
		{11A74F31-7D06-4D84-AD3C-7305045D047C}.Debug|iPhone.Deploy.0 = Debug|Any CPU
		{11A74F31-7D06-4D84-AD3C-7305045D047C}.Debug|iPhoneSimulator.ActiveCfg = Debug|Any CPU
		{11A74F31-7D06-4D84-AD3C-7305045D047C}.Debug|iPhoneSimulator.Build.0 = Debug|Any CPU
		{11A74F31-7D06-4D84-AD3C-7305045D047C}.Debug|iPhoneSimulator.Deploy.0 = Debug|Any CPU
		{11A74F31-7D06-4D84-AD3C-7305045D047C}.Debug|x64.ActiveCfg = Debug|Any CPU
		{11A74F31-7D06-4D84-AD3C-7305045D047C}.Debug|x64.Build.0 = Debug|Any CPU
		{11A74F31-7D06-4D84-AD3C-7305045D047C}.Debug|x64.Deploy.0 = Debug|Any CPU
		{11A74F31-7D06-4D84-AD3C-7305045D047C}.Debug|x86.ActiveCfg = Debug|Any CPU
		{11A74F31-7D06-4D84-AD3C-7305045D047C}.Debug|x86.Build.0 = Debug|Any CPU
		{11A74F31-7D06-4D84-AD3C-7305045D047C}.Debug|x86.Deploy.0 = Debug|Any CPU
		{11A74F31-7D06-4D84-AD3C-7305045D047C}.Release|Any CPU.ActiveCfg = Release|Any CPU
		{11A74F31-7D06-4D84-AD3C-7305045D047C}.Release|Any CPU.Build.0 = Release|Any CPU
		{11A74F31-7D06-4D84-AD3C-7305045D047C}.Release|Any CPU.Deploy.0 = Release|Any CPU
		{11A74F31-7D06-4D84-AD3C-7305045D047C}.Release|ARM.ActiveCfg = Release|Any CPU
		{11A74F31-7D06-4D84-AD3C-7305045D047C}.Release|ARM.Build.0 = Release|Any CPU
		{11A74F31-7D06-4D84-AD3C-7305045D047C}.Release|ARM.Deploy.0 = Release|Any CPU
		{11A74F31-7D06-4D84-AD3C-7305045D047C}.Release|iPhone.ActiveCfg = Release|Any CPU
		{11A74F31-7D06-4D84-AD3C-7305045D047C}.Release|iPhone.Build.0 = Release|Any CPU
		{11A74F31-7D06-4D84-AD3C-7305045D047C}.Release|iPhone.Deploy.0 = Release|Any CPU
		{11A74F31-7D06-4D84-AD3C-7305045D047C}.Release|iPhoneSimulator.ActiveCfg = Release|Any CPU
		{11A74F31-7D06-4D84-AD3C-7305045D047C}.Release|iPhoneSimulator.Build.0 = Release|Any CPU
		{11A74F31-7D06-4D84-AD3C-7305045D047C}.Release|iPhoneSimulator.Deploy.0 = Release|Any CPU
		{11A74F31-7D06-4D84-AD3C-7305045D047C}.Release|x64.ActiveCfg = Release|Any CPU
		{11A74F31-7D06-4D84-AD3C-7305045D047C}.Release|x64.Build.0 = Release|Any CPU
		{11A74F31-7D06-4D84-AD3C-7305045D047C}.Release|x64.Deploy.0 = Release|Any CPU
		{11A74F31-7D06-4D84-AD3C-7305045D047C}.Release|x86.ActiveCfg = Release|Any CPU
		{11A74F31-7D06-4D84-AD3C-7305045D047C}.Release|x86.Build.0 = Release|Any CPU
		{11A74F31-7D06-4D84-AD3C-7305045D047C}.Release|x86.Deploy.0 = Release|Any CPU
		{F08E86F2-14AD-4665-A722-49CC5D07DFBB}.Ad-Hoc|Any CPU.ActiveCfg = Ad-Hoc|iPhone
		{F08E86F2-14AD-4665-A722-49CC5D07DFBB}.Ad-Hoc|ARM.ActiveCfg = Ad-Hoc|iPhone
		{F08E86F2-14AD-4665-A722-49CC5D07DFBB}.Ad-Hoc|iPhone.ActiveCfg = Ad-Hoc|iPhone
		{F08E86F2-14AD-4665-A722-49CC5D07DFBB}.Ad-Hoc|iPhone.Build.0 = Ad-Hoc|iPhone
		{F08E86F2-14AD-4665-A722-49CC5D07DFBB}.Ad-Hoc|iPhoneSimulator.ActiveCfg = Ad-Hoc|iPhoneSimulator
		{F08E86F2-14AD-4665-A722-49CC5D07DFBB}.Ad-Hoc|iPhoneSimulator.Build.0 = Ad-Hoc|iPhoneSimulator
		{F08E86F2-14AD-4665-A722-49CC5D07DFBB}.Ad-Hoc|x64.ActiveCfg = Ad-Hoc|iPhone
		{F08E86F2-14AD-4665-A722-49CC5D07DFBB}.Ad-Hoc|x86.ActiveCfg = Ad-Hoc|iPhone
		{F08E86F2-14AD-4665-A722-49CC5D07DFBB}.AppStore|Any CPU.ActiveCfg = AppStore|iPhone
		{F08E86F2-14AD-4665-A722-49CC5D07DFBB}.AppStore|ARM.ActiveCfg = AppStore|iPhone
		{F08E86F2-14AD-4665-A722-49CC5D07DFBB}.AppStore|iPhone.ActiveCfg = AppStore|iPhone
		{F08E86F2-14AD-4665-A722-49CC5D07DFBB}.AppStore|iPhone.Build.0 = AppStore|iPhone
		{F08E86F2-14AD-4665-A722-49CC5D07DFBB}.AppStore|iPhoneSimulator.ActiveCfg = AppStore|iPhoneSimulator
		{F08E86F2-14AD-4665-A722-49CC5D07DFBB}.AppStore|iPhoneSimulator.Build.0 = AppStore|iPhoneSimulator
		{F08E86F2-14AD-4665-A722-49CC5D07DFBB}.AppStore|x64.ActiveCfg = AppStore|iPhone
		{F08E86F2-14AD-4665-A722-49CC5D07DFBB}.AppStore|x86.ActiveCfg = AppStore|iPhone
		{F08E86F2-14AD-4665-A722-49CC5D07DFBB}.Debug|Any CPU.ActiveCfg = Debug|iPhone
		{F08E86F2-14AD-4665-A722-49CC5D07DFBB}.Debug|ARM.ActiveCfg = Debug|iPhone
		{F08E86F2-14AD-4665-A722-49CC5D07DFBB}.Debug|iPhone.ActiveCfg = Debug|iPhone
		{F08E86F2-14AD-4665-A722-49CC5D07DFBB}.Debug|iPhone.Build.0 = Debug|iPhone
		{F08E86F2-14AD-4665-A722-49CC5D07DFBB}.Debug|iPhoneSimulator.ActiveCfg = Debug|iPhoneSimulator
		{F08E86F2-14AD-4665-A722-49CC5D07DFBB}.Debug|iPhoneSimulator.Build.0 = Debug|iPhoneSimulator
		{F08E86F2-14AD-4665-A722-49CC5D07DFBB}.Debug|x64.ActiveCfg = Debug|iPhone
		{F08E86F2-14AD-4665-A722-49CC5D07DFBB}.Debug|x86.ActiveCfg = Debug|iPhone
		{F08E86F2-14AD-4665-A722-49CC5D07DFBB}.Release|Any CPU.ActiveCfg = Release|iPhone
		{F08E86F2-14AD-4665-A722-49CC5D07DFBB}.Release|ARM.ActiveCfg = Release|iPhone
		{F08E86F2-14AD-4665-A722-49CC5D07DFBB}.Release|iPhone.ActiveCfg = Release|iPhone
		{F08E86F2-14AD-4665-A722-49CC5D07DFBB}.Release|iPhone.Build.0 = Release|iPhone
		{F08E86F2-14AD-4665-A722-49CC5D07DFBB}.Release|iPhoneSimulator.ActiveCfg = Release|iPhoneSimulator
		{F08E86F2-14AD-4665-A722-49CC5D07DFBB}.Release|iPhoneSimulator.Build.0 = Release|iPhoneSimulator
		{F08E86F2-14AD-4665-A722-49CC5D07DFBB}.Release|x64.ActiveCfg = Release|iPhone
		{F08E86F2-14AD-4665-A722-49CC5D07DFBB}.Release|x86.ActiveCfg = Release|iPhone
		{41ADE966-FA5E-486D-86A3-56D4B0924E4F}.Ad-Hoc|Any CPU.ActiveCfg = Release|Any CPU
		{41ADE966-FA5E-486D-86A3-56D4B0924E4F}.Ad-Hoc|Any CPU.Build.0 = Release|Any CPU
		{41ADE966-FA5E-486D-86A3-56D4B0924E4F}.Ad-Hoc|Any CPU.Deploy.0 = Release|Any CPU
		{41ADE966-FA5E-486D-86A3-56D4B0924E4F}.Ad-Hoc|ARM.ActiveCfg = Release|ARM
		{41ADE966-FA5E-486D-86A3-56D4B0924E4F}.Ad-Hoc|ARM.Build.0 = Release|ARM
		{41ADE966-FA5E-486D-86A3-56D4B0924E4F}.Ad-Hoc|ARM.Deploy.0 = Release|ARM
		{41ADE966-FA5E-486D-86A3-56D4B0924E4F}.Ad-Hoc|iPhone.ActiveCfg = Release|Any CPU
		{41ADE966-FA5E-486D-86A3-56D4B0924E4F}.Ad-Hoc|iPhone.Build.0 = Release|Any CPU
		{41ADE966-FA5E-486D-86A3-56D4B0924E4F}.Ad-Hoc|iPhone.Deploy.0 = Release|Any CPU
		{41ADE966-FA5E-486D-86A3-56D4B0924E4F}.Ad-Hoc|iPhoneSimulator.ActiveCfg = Release|Any CPU
		{41ADE966-FA5E-486D-86A3-56D4B0924E4F}.Ad-Hoc|iPhoneSimulator.Build.0 = Release|Any CPU
		{41ADE966-FA5E-486D-86A3-56D4B0924E4F}.Ad-Hoc|iPhoneSimulator.Deploy.0 = Release|Any CPU
		{41ADE966-FA5E-486D-86A3-56D4B0924E4F}.Ad-Hoc|x64.ActiveCfg = Release|Any CPU
		{41ADE966-FA5E-486D-86A3-56D4B0924E4F}.Ad-Hoc|x64.Build.0 = Release|Any CPU
		{41ADE966-FA5E-486D-86A3-56D4B0924E4F}.Ad-Hoc|x64.Deploy.0 = Release|Any CPU
		{41ADE966-FA5E-486D-86A3-56D4B0924E4F}.Ad-Hoc|x86.ActiveCfg = Release|x86
		{41ADE966-FA5E-486D-86A3-56D4B0924E4F}.Ad-Hoc|x86.Build.0 = Release|x86
		{41ADE966-FA5E-486D-86A3-56D4B0924E4F}.Ad-Hoc|x86.Deploy.0 = Release|x86
		{41ADE966-FA5E-486D-86A3-56D4B0924E4F}.AppStore|Any CPU.ActiveCfg = Release|Any CPU
		{41ADE966-FA5E-486D-86A3-56D4B0924E4F}.AppStore|Any CPU.Build.0 = Release|Any CPU
		{41ADE966-FA5E-486D-86A3-56D4B0924E4F}.AppStore|Any CPU.Deploy.0 = Release|Any CPU
		{41ADE966-FA5E-486D-86A3-56D4B0924E4F}.AppStore|ARM.ActiveCfg = Release|ARM
		{41ADE966-FA5E-486D-86A3-56D4B0924E4F}.AppStore|ARM.Build.0 = Release|ARM
		{41ADE966-FA5E-486D-86A3-56D4B0924E4F}.AppStore|ARM.Deploy.0 = Release|ARM
		{41ADE966-FA5E-486D-86A3-56D4B0924E4F}.AppStore|iPhone.ActiveCfg = Release|Any CPU
		{41ADE966-FA5E-486D-86A3-56D4B0924E4F}.AppStore|iPhone.Build.0 = Release|Any CPU
		{41ADE966-FA5E-486D-86A3-56D4B0924E4F}.AppStore|iPhone.Deploy.0 = Release|Any CPU
		{41ADE966-FA5E-486D-86A3-56D4B0924E4F}.AppStore|iPhoneSimulator.ActiveCfg = Release|Any CPU
		{41ADE966-FA5E-486D-86A3-56D4B0924E4F}.AppStore|iPhoneSimulator.Build.0 = Release|Any CPU
		{41ADE966-FA5E-486D-86A3-56D4B0924E4F}.AppStore|iPhoneSimulator.Deploy.0 = Release|Any CPU
		{41ADE966-FA5E-486D-86A3-56D4B0924E4F}.AppStore|x64.ActiveCfg = Release|Any CPU
		{41ADE966-FA5E-486D-86A3-56D4B0924E4F}.AppStore|x64.Build.0 = Release|Any CPU
		{41ADE966-FA5E-486D-86A3-56D4B0924E4F}.AppStore|x64.Deploy.0 = Release|Any CPU
		{41ADE966-FA5E-486D-86A3-56D4B0924E4F}.AppStore|x86.ActiveCfg = Release|x86
		{41ADE966-FA5E-486D-86A3-56D4B0924E4F}.AppStore|x86.Build.0 = Release|x86
		{41ADE966-FA5E-486D-86A3-56D4B0924E4F}.AppStore|x86.Deploy.0 = Release|x86
		{41ADE966-FA5E-486D-86A3-56D4B0924E4F}.Debug|Any CPU.ActiveCfg = Debug|Any CPU
		{41ADE966-FA5E-486D-86A3-56D4B0924E4F}.Debug|Any CPU.Build.0 = Debug|Any CPU
		{41ADE966-FA5E-486D-86A3-56D4B0924E4F}.Debug|Any CPU.Deploy.0 = Debug|Any CPU
		{41ADE966-FA5E-486D-86A3-56D4B0924E4F}.Debug|ARM.ActiveCfg = Debug|ARM
		{41ADE966-FA5E-486D-86A3-56D4B0924E4F}.Debug|ARM.Build.0 = Debug|ARM
		{41ADE966-FA5E-486D-86A3-56D4B0924E4F}.Debug|ARM.Deploy.0 = Debug|ARM
		{41ADE966-FA5E-486D-86A3-56D4B0924E4F}.Debug|iPhone.ActiveCfg = Debug|Any CPU
		{41ADE966-FA5E-486D-86A3-56D4B0924E4F}.Debug|iPhone.Build.0 = Debug|Any CPU
		{41ADE966-FA5E-486D-86A3-56D4B0924E4F}.Debug|iPhone.Deploy.0 = Debug|Any CPU
		{41ADE966-FA5E-486D-86A3-56D4B0924E4F}.Debug|iPhoneSimulator.ActiveCfg = Debug|Any CPU
		{41ADE966-FA5E-486D-86A3-56D4B0924E4F}.Debug|iPhoneSimulator.Build.0 = Debug|Any CPU
		{41ADE966-FA5E-486D-86A3-56D4B0924E4F}.Debug|iPhoneSimulator.Deploy.0 = Debug|Any CPU
		{41ADE966-FA5E-486D-86A3-56D4B0924E4F}.Debug|x64.ActiveCfg = Debug|Any CPU
		{41ADE966-FA5E-486D-86A3-56D4B0924E4F}.Debug|x64.Build.0 = Debug|Any CPU
		{41ADE966-FA5E-486D-86A3-56D4B0924E4F}.Debug|x64.Deploy.0 = Debug|Any CPU
		{41ADE966-FA5E-486D-86A3-56D4B0924E4F}.Debug|x86.ActiveCfg = Debug|x86
		{41ADE966-FA5E-486D-86A3-56D4B0924E4F}.Debug|x86.Build.0 = Debug|x86
		{41ADE966-FA5E-486D-86A3-56D4B0924E4F}.Debug|x86.Deploy.0 = Debug|x86
		{41ADE966-FA5E-486D-86A3-56D4B0924E4F}.Release|Any CPU.ActiveCfg = Release|Any CPU
		{41ADE966-FA5E-486D-86A3-56D4B0924E4F}.Release|Any CPU.Build.0 = Release|Any CPU
		{41ADE966-FA5E-486D-86A3-56D4B0924E4F}.Release|Any CPU.Deploy.0 = Release|Any CPU
		{41ADE966-FA5E-486D-86A3-56D4B0924E4F}.Release|ARM.ActiveCfg = Release|ARM
		{41ADE966-FA5E-486D-86A3-56D4B0924E4F}.Release|ARM.Build.0 = Release|ARM
		{41ADE966-FA5E-486D-86A3-56D4B0924E4F}.Release|ARM.Deploy.0 = Release|ARM
		{41ADE966-FA5E-486D-86A3-56D4B0924E4F}.Release|iPhone.ActiveCfg = Release|Any CPU
		{41ADE966-FA5E-486D-86A3-56D4B0924E4F}.Release|iPhone.Build.0 = Release|Any CPU
		{41ADE966-FA5E-486D-86A3-56D4B0924E4F}.Release|iPhone.Deploy.0 = Release|Any CPU
		{41ADE966-FA5E-486D-86A3-56D4B0924E4F}.Release|iPhoneSimulator.ActiveCfg = Release|Any CPU
		{41ADE966-FA5E-486D-86A3-56D4B0924E4F}.Release|iPhoneSimulator.Build.0 = Release|Any CPU
		{41ADE966-FA5E-486D-86A3-56D4B0924E4F}.Release|iPhoneSimulator.Deploy.0 = Release|Any CPU
		{41ADE966-FA5E-486D-86A3-56D4B0924E4F}.Release|x64.ActiveCfg = Release|Any CPU
		{41ADE966-FA5E-486D-86A3-56D4B0924E4F}.Release|x64.Build.0 = Release|Any CPU
		{41ADE966-FA5E-486D-86A3-56D4B0924E4F}.Release|x64.Deploy.0 = Release|Any CPU
		{41ADE966-FA5E-486D-86A3-56D4B0924E4F}.Release|x86.ActiveCfg = Release|x86
		{41ADE966-FA5E-486D-86A3-56D4B0924E4F}.Release|x86.Build.0 = Release|x86
		{41ADE966-FA5E-486D-86A3-56D4B0924E4F}.Release|x86.Deploy.0 = Release|x86
		{FC6006C3-F738-48A5-A152-362FEA3E571E}.Ad-Hoc|Any CPU.ActiveCfg = Release|x86
		{FC6006C3-F738-48A5-A152-362FEA3E571E}.Ad-Hoc|Any CPU.Build.0 = Release|x86
		{FC6006C3-F738-48A5-A152-362FEA3E571E}.Ad-Hoc|Any CPU.Deploy.0 = Release|x86
		{FC6006C3-F738-48A5-A152-362FEA3E571E}.Ad-Hoc|ARM.ActiveCfg = Release|ARM
		{FC6006C3-F738-48A5-A152-362FEA3E571E}.Ad-Hoc|ARM.Build.0 = Release|ARM
		{FC6006C3-F738-48A5-A152-362FEA3E571E}.Ad-Hoc|ARM.Deploy.0 = Release|ARM
		{FC6006C3-F738-48A5-A152-362FEA3E571E}.Ad-Hoc|iPhone.ActiveCfg = Release|x86
		{FC6006C3-F738-48A5-A152-362FEA3E571E}.Ad-Hoc|iPhone.Build.0 = Release|x86
		{FC6006C3-F738-48A5-A152-362FEA3E571E}.Ad-Hoc|iPhone.Deploy.0 = Release|x86
		{FC6006C3-F738-48A5-A152-362FEA3E571E}.Ad-Hoc|iPhoneSimulator.ActiveCfg = Release|x86
		{FC6006C3-F738-48A5-A152-362FEA3E571E}.Ad-Hoc|iPhoneSimulator.Build.0 = Release|x86
		{FC6006C3-F738-48A5-A152-362FEA3E571E}.Ad-Hoc|iPhoneSimulator.Deploy.0 = Release|x86
		{FC6006C3-F738-48A5-A152-362FEA3E571E}.Ad-Hoc|x64.ActiveCfg = Release|x64
		{FC6006C3-F738-48A5-A152-362FEA3E571E}.Ad-Hoc|x64.Build.0 = Release|x64
		{FC6006C3-F738-48A5-A152-362FEA3E571E}.Ad-Hoc|x64.Deploy.0 = Release|x64
		{FC6006C3-F738-48A5-A152-362FEA3E571E}.Ad-Hoc|x86.ActiveCfg = Release|x86
		{FC6006C3-F738-48A5-A152-362FEA3E571E}.Ad-Hoc|x86.Build.0 = Release|x86
		{FC6006C3-F738-48A5-A152-362FEA3E571E}.Ad-Hoc|x86.Deploy.0 = Release|x86
		{FC6006C3-F738-48A5-A152-362FEA3E571E}.AppStore|Any CPU.ActiveCfg = Release|x86
		{FC6006C3-F738-48A5-A152-362FEA3E571E}.AppStore|Any CPU.Build.0 = Release|x86
		{FC6006C3-F738-48A5-A152-362FEA3E571E}.AppStore|Any CPU.Deploy.0 = Release|x86
		{FC6006C3-F738-48A5-A152-362FEA3E571E}.AppStore|ARM.ActiveCfg = Release|ARM
		{FC6006C3-F738-48A5-A152-362FEA3E571E}.AppStore|ARM.Build.0 = Release|ARM
		{FC6006C3-F738-48A5-A152-362FEA3E571E}.AppStore|ARM.Deploy.0 = Release|ARM
		{FC6006C3-F738-48A5-A152-362FEA3E571E}.AppStore|iPhone.ActiveCfg = Release|x86
		{FC6006C3-F738-48A5-A152-362FEA3E571E}.AppStore|iPhone.Build.0 = Release|x86
		{FC6006C3-F738-48A5-A152-362FEA3E571E}.AppStore|iPhone.Deploy.0 = Release|x86
		{FC6006C3-F738-48A5-A152-362FEA3E571E}.AppStore|iPhoneSimulator.ActiveCfg = Release|x86
		{FC6006C3-F738-48A5-A152-362FEA3E571E}.AppStore|iPhoneSimulator.Build.0 = Release|x86
		{FC6006C3-F738-48A5-A152-362FEA3E571E}.AppStore|iPhoneSimulator.Deploy.0 = Release|x86
		{FC6006C3-F738-48A5-A152-362FEA3E571E}.AppStore|x64.ActiveCfg = Release|x64
		{FC6006C3-F738-48A5-A152-362FEA3E571E}.AppStore|x64.Build.0 = Release|x64
		{FC6006C3-F738-48A5-A152-362FEA3E571E}.AppStore|x64.Deploy.0 = Release|x64
		{FC6006C3-F738-48A5-A152-362FEA3E571E}.AppStore|x86.ActiveCfg = Release|x86
		{FC6006C3-F738-48A5-A152-362FEA3E571E}.AppStore|x86.Build.0 = Release|x86
		{FC6006C3-F738-48A5-A152-362FEA3E571E}.AppStore|x86.Deploy.0 = Release|x86
		{FC6006C3-F738-48A5-A152-362FEA3E571E}.Debug|Any CPU.ActiveCfg = Debug|x86
		{FC6006C3-F738-48A5-A152-362FEA3E571E}.Debug|ARM.ActiveCfg = Debug|ARM
		{FC6006C3-F738-48A5-A152-362FEA3E571E}.Debug|ARM.Build.0 = Debug|ARM
		{FC6006C3-F738-48A5-A152-362FEA3E571E}.Debug|ARM.Deploy.0 = Debug|ARM
		{FC6006C3-F738-48A5-A152-362FEA3E571E}.Debug|iPhone.ActiveCfg = Debug|x86
		{FC6006C3-F738-48A5-A152-362FEA3E571E}.Debug|iPhoneSimulator.ActiveCfg = Debug|x86
		{FC6006C3-F738-48A5-A152-362FEA3E571E}.Debug|x64.ActiveCfg = Debug|x64
		{FC6006C3-F738-48A5-A152-362FEA3E571E}.Debug|x64.Build.0 = Debug|x64
		{FC6006C3-F738-48A5-A152-362FEA3E571E}.Debug|x64.Deploy.0 = Debug|x64
		{FC6006C3-F738-48A5-A152-362FEA3E571E}.Debug|x86.ActiveCfg = Debug|x86
		{FC6006C3-F738-48A5-A152-362FEA3E571E}.Debug|x86.Build.0 = Debug|x86
		{FC6006C3-F738-48A5-A152-362FEA3E571E}.Debug|x86.Deploy.0 = Debug|x86
		{FC6006C3-F738-48A5-A152-362FEA3E571E}.Release|Any CPU.ActiveCfg = Release|x86
		{FC6006C3-F738-48A5-A152-362FEA3E571E}.Release|ARM.ActiveCfg = Release|ARM
		{FC6006C3-F738-48A5-A152-362FEA3E571E}.Release|ARM.Build.0 = Release|ARM
		{FC6006C3-F738-48A5-A152-362FEA3E571E}.Release|ARM.Deploy.0 = Release|ARM
		{FC6006C3-F738-48A5-A152-362FEA3E571E}.Release|iPhone.ActiveCfg = Release|x86
		{FC6006C3-F738-48A5-A152-362FEA3E571E}.Release|iPhoneSimulator.ActiveCfg = Release|x86
		{FC6006C3-F738-48A5-A152-362FEA3E571E}.Release|x64.ActiveCfg = Release|x64
		{FC6006C3-F738-48A5-A152-362FEA3E571E}.Release|x64.Build.0 = Release|x64
		{FC6006C3-F738-48A5-A152-362FEA3E571E}.Release|x64.Deploy.0 = Release|x64
		{FC6006C3-F738-48A5-A152-362FEA3E571E}.Release|x86.ActiveCfg = Release|x86
		{FC6006C3-F738-48A5-A152-362FEA3E571E}.Release|x86.Build.0 = Release|x86
		{FC6006C3-F738-48A5-A152-362FEA3E571E}.Release|x86.Deploy.0 = Release|x86
		{203FB00C-4066-49A2-9F9A-7751C636CAB2}.Ad-Hoc|Any CPU.ActiveCfg = Release|Any CPU
		{203FB00C-4066-49A2-9F9A-7751C636CAB2}.Ad-Hoc|Any CPU.Build.0 = Release|Any CPU
		{203FB00C-4066-49A2-9F9A-7751C636CAB2}.Ad-Hoc|Any CPU.Deploy.0 = Release|Any CPU
		{203FB00C-4066-49A2-9F9A-7751C636CAB2}.Ad-Hoc|ARM.ActiveCfg = Release|ARM
		{203FB00C-4066-49A2-9F9A-7751C636CAB2}.Ad-Hoc|ARM.Build.0 = Release|ARM
		{203FB00C-4066-49A2-9F9A-7751C636CAB2}.Ad-Hoc|ARM.Deploy.0 = Release|ARM
		{203FB00C-4066-49A2-9F9A-7751C636CAB2}.Ad-Hoc|iPhone.ActiveCfg = Release|Any CPU
		{203FB00C-4066-49A2-9F9A-7751C636CAB2}.Ad-Hoc|iPhone.Build.0 = Release|Any CPU
		{203FB00C-4066-49A2-9F9A-7751C636CAB2}.Ad-Hoc|iPhone.Deploy.0 = Release|Any CPU
		{203FB00C-4066-49A2-9F9A-7751C636CAB2}.Ad-Hoc|iPhoneSimulator.ActiveCfg = Release|Any CPU
		{203FB00C-4066-49A2-9F9A-7751C636CAB2}.Ad-Hoc|iPhoneSimulator.Build.0 = Release|Any CPU
		{203FB00C-4066-49A2-9F9A-7751C636CAB2}.Ad-Hoc|iPhoneSimulator.Deploy.0 = Release|Any CPU
		{203FB00C-4066-49A2-9F9A-7751C636CAB2}.Ad-Hoc|x64.ActiveCfg = Release|x64
		{203FB00C-4066-49A2-9F9A-7751C636CAB2}.Ad-Hoc|x64.Build.0 = Release|x64
		{203FB00C-4066-49A2-9F9A-7751C636CAB2}.Ad-Hoc|x64.Deploy.0 = Release|x64
		{203FB00C-4066-49A2-9F9A-7751C636CAB2}.Ad-Hoc|x86.ActiveCfg = Release|x86
		{203FB00C-4066-49A2-9F9A-7751C636CAB2}.Ad-Hoc|x86.Build.0 = Release|x86
		{203FB00C-4066-49A2-9F9A-7751C636CAB2}.Ad-Hoc|x86.Deploy.0 = Release|x86
		{203FB00C-4066-49A2-9F9A-7751C636CAB2}.AppStore|Any CPU.ActiveCfg = Release|Any CPU
		{203FB00C-4066-49A2-9F9A-7751C636CAB2}.AppStore|Any CPU.Build.0 = Release|Any CPU
		{203FB00C-4066-49A2-9F9A-7751C636CAB2}.AppStore|Any CPU.Deploy.0 = Release|Any CPU
		{203FB00C-4066-49A2-9F9A-7751C636CAB2}.AppStore|ARM.ActiveCfg = Release|ARM
		{203FB00C-4066-49A2-9F9A-7751C636CAB2}.AppStore|ARM.Build.0 = Release|ARM
		{203FB00C-4066-49A2-9F9A-7751C636CAB2}.AppStore|ARM.Deploy.0 = Release|ARM
		{203FB00C-4066-49A2-9F9A-7751C636CAB2}.AppStore|iPhone.ActiveCfg = Release|Any CPU
		{203FB00C-4066-49A2-9F9A-7751C636CAB2}.AppStore|iPhone.Build.0 = Release|Any CPU
		{203FB00C-4066-49A2-9F9A-7751C636CAB2}.AppStore|iPhone.Deploy.0 = Release|Any CPU
		{203FB00C-4066-49A2-9F9A-7751C636CAB2}.AppStore|iPhoneSimulator.ActiveCfg = Release|Any CPU
		{203FB00C-4066-49A2-9F9A-7751C636CAB2}.AppStore|iPhoneSimulator.Build.0 = Release|Any CPU
		{203FB00C-4066-49A2-9F9A-7751C636CAB2}.AppStore|iPhoneSimulator.Deploy.0 = Release|Any CPU
		{203FB00C-4066-49A2-9F9A-7751C636CAB2}.AppStore|x64.ActiveCfg = Release|x64
		{203FB00C-4066-49A2-9F9A-7751C636CAB2}.AppStore|x64.Build.0 = Release|x64
		{203FB00C-4066-49A2-9F9A-7751C636CAB2}.AppStore|x64.Deploy.0 = Release|x64
		{203FB00C-4066-49A2-9F9A-7751C636CAB2}.AppStore|x86.ActiveCfg = Release|x86
		{203FB00C-4066-49A2-9F9A-7751C636CAB2}.AppStore|x86.Build.0 = Release|x86
		{203FB00C-4066-49A2-9F9A-7751C636CAB2}.AppStore|x86.Deploy.0 = Release|x86
		{203FB00C-4066-49A2-9F9A-7751C636CAB2}.Debug|Any CPU.ActiveCfg = Debug|Any CPU
		{203FB00C-4066-49A2-9F9A-7751C636CAB2}.Debug|Any CPU.Build.0 = Debug|Any CPU
		{203FB00C-4066-49A2-9F9A-7751C636CAB2}.Debug|Any CPU.Deploy.0 = Debug|Any CPU
		{203FB00C-4066-49A2-9F9A-7751C636CAB2}.Debug|ARM.ActiveCfg = Debug|ARM
		{203FB00C-4066-49A2-9F9A-7751C636CAB2}.Debug|ARM.Build.0 = Debug|ARM
		{203FB00C-4066-49A2-9F9A-7751C636CAB2}.Debug|ARM.Deploy.0 = Debug|ARM
		{203FB00C-4066-49A2-9F9A-7751C636CAB2}.Debug|iPhone.ActiveCfg = Debug|Any CPU
		{203FB00C-4066-49A2-9F9A-7751C636CAB2}.Debug|iPhone.Build.0 = Debug|Any CPU
		{203FB00C-4066-49A2-9F9A-7751C636CAB2}.Debug|iPhone.Deploy.0 = Debug|Any CPU
		{203FB00C-4066-49A2-9F9A-7751C636CAB2}.Debug|iPhoneSimulator.ActiveCfg = Debug|Any CPU
		{203FB00C-4066-49A2-9F9A-7751C636CAB2}.Debug|iPhoneSimulator.Build.0 = Debug|Any CPU
		{203FB00C-4066-49A2-9F9A-7751C636CAB2}.Debug|iPhoneSimulator.Deploy.0 = Debug|Any CPU
		{203FB00C-4066-49A2-9F9A-7751C636CAB2}.Debug|x64.ActiveCfg = Debug|x64
		{203FB00C-4066-49A2-9F9A-7751C636CAB2}.Debug|x64.Build.0 = Debug|x64
		{203FB00C-4066-49A2-9F9A-7751C636CAB2}.Debug|x64.Deploy.0 = Debug|x64
		{203FB00C-4066-49A2-9F9A-7751C636CAB2}.Debug|x86.ActiveCfg = Debug|x86
		{203FB00C-4066-49A2-9F9A-7751C636CAB2}.Debug|x86.Build.0 = Debug|x86
		{203FB00C-4066-49A2-9F9A-7751C636CAB2}.Debug|x86.Deploy.0 = Debug|x86
		{203FB00C-4066-49A2-9F9A-7751C636CAB2}.Release|Any CPU.ActiveCfg = Release|Any CPU
		{203FB00C-4066-49A2-9F9A-7751C636CAB2}.Release|Any CPU.Build.0 = Release|Any CPU
		{203FB00C-4066-49A2-9F9A-7751C636CAB2}.Release|Any CPU.Deploy.0 = Release|Any CPU
		{203FB00C-4066-49A2-9F9A-7751C636CAB2}.Release|ARM.ActiveCfg = Release|ARM
		{203FB00C-4066-49A2-9F9A-7751C636CAB2}.Release|ARM.Build.0 = Release|ARM
		{203FB00C-4066-49A2-9F9A-7751C636CAB2}.Release|ARM.Deploy.0 = Release|ARM
		{203FB00C-4066-49A2-9F9A-7751C636CAB2}.Release|iPhone.ActiveCfg = Release|Any CPU
		{203FB00C-4066-49A2-9F9A-7751C636CAB2}.Release|iPhone.Build.0 = Release|Any CPU
		{203FB00C-4066-49A2-9F9A-7751C636CAB2}.Release|iPhone.Deploy.0 = Release|Any CPU
		{203FB00C-4066-49A2-9F9A-7751C636CAB2}.Release|iPhoneSimulator.ActiveCfg = Release|Any CPU
		{203FB00C-4066-49A2-9F9A-7751C636CAB2}.Release|iPhoneSimulator.Build.0 = Release|Any CPU
		{203FB00C-4066-49A2-9F9A-7751C636CAB2}.Release|iPhoneSimulator.Deploy.0 = Release|Any CPU
		{203FB00C-4066-49A2-9F9A-7751C636CAB2}.Release|x64.ActiveCfg = Release|x64
		{203FB00C-4066-49A2-9F9A-7751C636CAB2}.Release|x64.Build.0 = Release|x64
		{203FB00C-4066-49A2-9F9A-7751C636CAB2}.Release|x64.Deploy.0 = Release|x64
		{203FB00C-4066-49A2-9F9A-7751C636CAB2}.Release|x86.ActiveCfg = Release|x86
		{203FB00C-4066-49A2-9F9A-7751C636CAB2}.Release|x86.Build.0 = Release|x86
		{203FB00C-4066-49A2-9F9A-7751C636CAB2}.Release|x86.Deploy.0 = Release|x86
		{4F95610B-8912-49C5-8FEA-B7EDA8BEF228}.Ad-Hoc|Any CPU.ActiveCfg = Release|Any CPU
		{4F95610B-8912-49C5-8FEA-B7EDA8BEF228}.Ad-Hoc|Any CPU.Build.0 = Release|Any CPU
		{4F95610B-8912-49C5-8FEA-B7EDA8BEF228}.Ad-Hoc|ARM.ActiveCfg = Release|Any CPU
		{4F95610B-8912-49C5-8FEA-B7EDA8BEF228}.Ad-Hoc|ARM.Build.0 = Release|Any CPU
		{4F95610B-8912-49C5-8FEA-B7EDA8BEF228}.Ad-Hoc|iPhone.ActiveCfg = Release|Any CPU
		{4F95610B-8912-49C5-8FEA-B7EDA8BEF228}.Ad-Hoc|iPhone.Build.0 = Release|Any CPU
		{4F95610B-8912-49C5-8FEA-B7EDA8BEF228}.Ad-Hoc|iPhoneSimulator.ActiveCfg = Release|Any CPU
		{4F95610B-8912-49C5-8FEA-B7EDA8BEF228}.Ad-Hoc|iPhoneSimulator.Build.0 = Release|Any CPU
		{4F95610B-8912-49C5-8FEA-B7EDA8BEF228}.Ad-Hoc|x64.ActiveCfg = Release|Any CPU
		{4F95610B-8912-49C5-8FEA-B7EDA8BEF228}.Ad-Hoc|x64.Build.0 = Release|Any CPU
		{4F95610B-8912-49C5-8FEA-B7EDA8BEF228}.Ad-Hoc|x86.ActiveCfg = Release|Any CPU
		{4F95610B-8912-49C5-8FEA-B7EDA8BEF228}.Ad-Hoc|x86.Build.0 = Release|Any CPU
		{4F95610B-8912-49C5-8FEA-B7EDA8BEF228}.AppStore|Any CPU.ActiveCfg = Release|Any CPU
		{4F95610B-8912-49C5-8FEA-B7EDA8BEF228}.AppStore|Any CPU.Build.0 = Release|Any CPU
		{4F95610B-8912-49C5-8FEA-B7EDA8BEF228}.AppStore|ARM.ActiveCfg = Release|Any CPU
		{4F95610B-8912-49C5-8FEA-B7EDA8BEF228}.AppStore|ARM.Build.0 = Release|Any CPU
		{4F95610B-8912-49C5-8FEA-B7EDA8BEF228}.AppStore|iPhone.ActiveCfg = Release|Any CPU
		{4F95610B-8912-49C5-8FEA-B7EDA8BEF228}.AppStore|iPhone.Build.0 = Release|Any CPU
		{4F95610B-8912-49C5-8FEA-B7EDA8BEF228}.AppStore|iPhoneSimulator.ActiveCfg = Release|Any CPU
		{4F95610B-8912-49C5-8FEA-B7EDA8BEF228}.AppStore|iPhoneSimulator.Build.0 = Release|Any CPU
		{4F95610B-8912-49C5-8FEA-B7EDA8BEF228}.AppStore|x64.ActiveCfg = Release|Any CPU
		{4F95610B-8912-49C5-8FEA-B7EDA8BEF228}.AppStore|x64.Build.0 = Release|Any CPU
		{4F95610B-8912-49C5-8FEA-B7EDA8BEF228}.AppStore|x86.ActiveCfg = Release|Any CPU
		{4F95610B-8912-49C5-8FEA-B7EDA8BEF228}.AppStore|x86.Build.0 = Release|Any CPU
		{4F95610B-8912-49C5-8FEA-B7EDA8BEF228}.Debug|Any CPU.ActiveCfg = Debug|Any CPU
		{4F95610B-8912-49C5-8FEA-B7EDA8BEF228}.Debug|Any CPU.Build.0 = Debug|Any CPU
		{4F95610B-8912-49C5-8FEA-B7EDA8BEF228}.Debug|ARM.ActiveCfg = Debug|Any CPU
		{4F95610B-8912-49C5-8FEA-B7EDA8BEF228}.Debug|ARM.Build.0 = Debug|Any CPU
		{4F95610B-8912-49C5-8FEA-B7EDA8BEF228}.Debug|iPhone.ActiveCfg = Debug|Any CPU
		{4F95610B-8912-49C5-8FEA-B7EDA8BEF228}.Debug|iPhone.Build.0 = Debug|Any CPU
		{4F95610B-8912-49C5-8FEA-B7EDA8BEF228}.Debug|iPhoneSimulator.ActiveCfg = Debug|Any CPU
		{4F95610B-8912-49C5-8FEA-B7EDA8BEF228}.Debug|iPhoneSimulator.Build.0 = Debug|Any CPU
		{4F95610B-8912-49C5-8FEA-B7EDA8BEF228}.Debug|x64.ActiveCfg = Debug|Any CPU
		{4F95610B-8912-49C5-8FEA-B7EDA8BEF228}.Debug|x64.Build.0 = Debug|Any CPU
		{4F95610B-8912-49C5-8FEA-B7EDA8BEF228}.Debug|x86.ActiveCfg = Debug|Any CPU
		{4F95610B-8912-49C5-8FEA-B7EDA8BEF228}.Debug|x86.Build.0 = Debug|Any CPU
		{4F95610B-8912-49C5-8FEA-B7EDA8BEF228}.Release|Any CPU.ActiveCfg = Release|Any CPU
		{4F95610B-8912-49C5-8FEA-B7EDA8BEF228}.Release|Any CPU.Build.0 = Release|Any CPU
		{4F95610B-8912-49C5-8FEA-B7EDA8BEF228}.Release|ARM.ActiveCfg = Release|Any CPU
		{4F95610B-8912-49C5-8FEA-B7EDA8BEF228}.Release|ARM.Build.0 = Release|Any CPU
		{4F95610B-8912-49C5-8FEA-B7EDA8BEF228}.Release|iPhone.ActiveCfg = Release|Any CPU
		{4F95610B-8912-49C5-8FEA-B7EDA8BEF228}.Release|iPhone.Build.0 = Release|Any CPU
		{4F95610B-8912-49C5-8FEA-B7EDA8BEF228}.Release|iPhoneSimulator.ActiveCfg = Release|Any CPU
		{4F95610B-8912-49C5-8FEA-B7EDA8BEF228}.Release|iPhoneSimulator.Build.0 = Release|Any CPU
		{4F95610B-8912-49C5-8FEA-B7EDA8BEF228}.Release|x64.ActiveCfg = Release|Any CPU
		{4F95610B-8912-49C5-8FEA-B7EDA8BEF228}.Release|x64.Build.0 = Release|Any CPU
		{4F95610B-8912-49C5-8FEA-B7EDA8BEF228}.Release|x86.ActiveCfg = Release|Any CPU
		{4F95610B-8912-49C5-8FEA-B7EDA8BEF228}.Release|x86.Build.0 = Release|Any CPU
	EndGlobalSection
	GlobalSection(SolutionProperties) = preSolution
		HideSolutionNode = FALSE
	EndGlobalSection
EndGlobal
